# Generated from registry manifests after ci/tasks/build-ci-images succeeds.
# The first custom-image bootstrap deliberately starts with pending entries;
# ci/verify-image-pins rejects this file until real digests replace them.
CORE_IMAGE=repo.indexarr.net/indexarr/rustnzb-ci-core@sha256:63a6ecb9f4897f223419c69bdc1bbae3d930f028955fdaa480fac156daedfb47
CROSS_IMAGE=repo.indexarr.net/indexarr/rustnzb-ci-cross@sha256:89f1f570acb0f8e6514ffcca39bd9f26305263d95274e4c170eedf867d113ad9
E2E_IMAGE=repo.indexarr.net/indexarr/rustnzb-ci-e2e@sha256:76cdc92ce89bd37dc9d5b533fc63562b5a76f2c25885f7fb73a40ddbd75e1623
DESKTOP_IMAGE=repo.indexarr.net/indexarr/rustnzb-ci-desktop@sha256:8c5b1fdee2c79a48b555a246e0804547488ba46e9b69d2094d6b033862bde2ae

# Initial bootstrap has no custom-image predecessor. After the next toolchain
# update, retain the replaced values here for immediate rollback.
PREVIOUS_CORE_IMAGE=
PREVIOUS_CROSS_IMAGE=
PREVIOUS_E2E_IMAGE=
PREVIOUS_DESKTOP_IMAGE=
